
Microsoft Visual Studio Solution File, Format Version 12.00
# Visual Studio Version 17
VisualStudioVersion = 17.6.33717.318
MinimumVisualStudioVersion = 10.0.40219.1
Project("{FAE04EC0-301F-11D3-BF4B-00C04F79EFBC}") = "TaskManagement", "TaskManagement\TaskManagement.csproj", "{D9D99CF3-1C4D-4138-8F71-6DFCDEF4F592}"
EndProject
Global
	GlobalSection(SolutionConfigurationPlatforms) = preSolution
		Debug|Any CPU = Debug|Any CPU
		Release|Any CPU = Release|Any CPU
	EndGlobalSection
	GlobalSection(ProjectConfigurationPlatforms) = postSolution
		{D9D99CF3-1C4D-4138-8F71-6DFCDEF4F592}.Debug|Any CPU.ActiveCfg = Debug|Any CPU
		{D9D99CF3-1C4D-4138-8F71-6DFCDEF4F592}.Debug|Any CPU.Build.0 = Debug|Any CPU
		{D9D99CF3-1C4D-4138-8F71-6DFCDEF4F592}.Release|Any CPU.ActiveCfg = Release|Any CPU
		{D9D99CF3-1C4D-4138-8F71-6DFCDEF4F592}.Release|Any CPU.Build.0 = Release|Any CPU
	EndGlobalSection
	GlobalSection(SolutionProperties) = preSolution
		HideSolutionNode = FALSE
	EndGlobalSection
	GlobalSection(ExtensibilityGlobals) = postSolution
		SolutionGuid = {099D1574-C5A4-4379-8E60-5C3082FB1A6F}
	EndGlobalSection
EndGlobal
